github.com/abrarnaim015/go-say-hello v1.0.0 h1:ifIM6X07W2iNbl/t1dhie7ZA1tp1LvUylKNxRzQdglY=
github.com/abrarnaim015/go-say-hello v1.0.0/go.mod h1:QsqkrlsJZ8WleOcp21PgC1lzE4KNGnNtchhwpPu5gmY=
github.com/abrarnaim015/go-say-hello v1.0.1 h1:xxLnqqALXNHwjIBONWN2Y3Bkx/CxYZnTm4NpAqI42tE=
github.com/abrarnaim015/go-say-hello v1.0.1/go.mod h1:QsqkrlsJZ8WleOcp21PgC1lzE4KNGnNtchhwpPu5gmY=
github.com/abrarnaim015/go-say-hello/v2 v2.0.0 h1:v3bJml6ZQsyYNIVL9A1nKK2wpbIEGNB1uZ9oCRnugGg=
github.com/abrarnaim015/go-say-hello/v2 v2.0.0/go.mod h1:3PW3EcPL+bQDMSTZ/JjCXfuFVc3+5Spn3O1JLPx8Ffc=
